// !$*UTF8*$!
{
	archiveVersion = 1;
	classes = {
	};
	objectVersion = 46;
	objects = {

/* Begin PBXBuildFile section */
		444F20B619B48A2C00BE4C26 /* main.m in Sources */ = {isa = PBXBuildFile; fileRef = 444F20B519B48A2C00BE4C26 /* main.m */; };
		444F20B919B48A2C00BE4C26 /* AppDelegate.m in Sources */ = {isa = PBXBuildFile; fileRef = 444F20B819B48A2C00BE4C26 /* AppDelegate.m */; };
		444F20C219B48A2C00BE4C26 /* Main.storyboard in Resources */ = {isa = PBXBuildFile; fileRef = 444F20C019B48A2C00BE4C26 /* Main.storyboard */; };
		444F20C419B48A2C00BE4C26 /* Images.xcassets in Resources */ = {isa = PBXBuildFile; fileRef = 444F20C319B48A2C00BE4C26 /* Images.xcassets */; };
		444F20D019B48A2C00BE4C26 /* eBookTests.m in Sources */ = {isa = PBXBuildFile; fileRef = 444F20CF19B48A2C00BE4C26 /* eBookTests.m */; };
		444F20EB19B4C10500BE4C26 /* Parse.framework in Frameworks */ = {isa = PBXBuildFile; fileRef = 444F20EA19B4C10500BE4C26 /* Parse.framework */; };
		444F20ED19B4C13500BE4C26 /* AudioToolbox.framework in Frameworks */ = {isa = PBXBuildFile; fileRef = 444F20EC19B4C13500BE4C26 /* AudioToolbox.framework */; };
		444F20EF19B4C13D00BE4C26 /* CFNetwork.framework in Frameworks */ = {isa = PBXBuildFile; fileRef = 444F20EE19B4C13D00BE4C26 /* CFNetwork.framework */; };
		444F20F119B4C14300BE4C26 /* CoreGraphics.framework in Frameworks */ = {isa = PBXBuildFile; fileRef = 444F20F019B4C14300BE4C26 /* CoreGraphics.framework */; };
		444F20F319B4C14A00BE4C26 /* CoreLocation.framework in Frameworks */ = {isa = PBXBuildFile; fileRef = 444F20F219B4C14A00BE4C26 /* CoreLocation.framework */; };
		444F20F519B4C15000BE4C26 /* libz.dylib in Frameworks */ = {isa = PBXBuildFile; fileRef = 444F20F419B4C15000BE4C26 /* libz.dylib */; };
		444F20F719B4C15700BE4C26 /* MobileCoreServices.framework in Frameworks */ = {isa = PBXBuildFile; fileRef = 444F20F619B4C15700BE4C26 /* MobileCoreServices.framework */; };
		444F20F919B4C15E00BE4C26 /* QuartzCore.framework in Frameworks */ = {isa = PBXBuildFile; fileRef = 444F20F819B4C15E00BE4C26 /* QuartzCore.framework */; };
		444F20FB19B4C16800BE4C26 /* Security.framework in Frameworks */ = {isa = PBXBuildFile; fileRef = 444F20FA19B4C16800BE4C26 /* Security.framework */; };
		444F20FD19B4C16E00BE4C26 /* StoreKit.framework in Frameworks */ = {isa = PBXBuildFile; fileRef = 444F20FC19B4C16E00BE4C26 /* StoreKit.framework */; };
		444F20FF19B4C17600BE4C26 /* SystemConfiguration.framework in Frameworks */ = {isa = PBXBuildFile; fileRef = 444F20FE19B4C17600BE4C26 /* SystemConfiguration.framework */; };
		444F210719B4C24E00BE4C26 /* User.m in Sources */ = {isa = PBXBuildFile; fileRef = 444F210619B4C24E00BE4C26 /* User.m */; };
		444F210A19B4C81F00BE4C26 /* Books.m in Sources */ = {isa = PBXBuildFile; fileRef = 444F210919B4C81F00BE4C26 /* Books.m */; };
		444F210D19B4C8DD00BE4C26 /* BooksManager.m in Sources */ = {isa = PBXBuildFile; fileRef = 444F210C19B4C8DD00BE4C26 /* BooksManager.m */; };
		44E8FFB519B4CC7A003F8FD5 /* CategoryBooks.m in Sources */ = {isa = PBXBuildFile; fileRef = 44E8FFB419B4CC7A003F8FD5 /* CategoryBooks.m */; };
/* End PBXBuildFile section */

/* Begin PBXContainerItemProxy section */
		444F20CA19B48A2C00BE4C26 /* PBXContainerItemProxy */ = {
			isa = PBXContainerItemProxy;
			containerPortal = 444F20A819B48A2C00BE4C26 /* Project object */;
			proxyType = 1;
			remoteGlobalIDString = 444F20AF19B48A2C00BE4C26;
			remoteInfo = eBook;
		};
/* End PBXContainerItemProxy section */

/* Begin PBXFileReference section */
		444F20B019B48A2C00BE4C26 /* eBook.app */ = {isa = PBXFileReference; explicitFileType = wrapper.application; includeInIndex = 0; path = eBook.app; sourceTree = BUILT_PRODUCTS_DIR; };
		444F20B419B48A2C00BE4C26 /* Info.plist */ = {isa = PBXFileReference; lastKnownFileType = text.plist.xml; path = Info.plist; sourceTree = "<group>"; };
		444F20B519B48A2C00BE4C26 /* main.m */ = {isa = PBXFileReference; lastKnownFileType = sourcecode.c.objc; path = main.m; sourceTree = "<group>"; };
		444F20B719B48A2C00BE4C26 /* AppDelegate.h */ = {isa = PBXFileReference; lastKnownFileType = sourcecode.c.h; path = AppDelegate.h; sourceTree = "<group>"; };
		444F20B819B48A2C00BE4C26 /* AppDelegate.m */ = {isa = PBXFileReference; lastKnownFileType = sourcecode.c.objc; path = AppDelegate.m; sourceTree = "<group>"; };
		444F20C119B48A2C00BE4C26 /* Base */ = {isa = PBXFileReference; lastKnownFileType = file.storyboard; name = Base; path = Base.lproj/Main.storyboard; sourceTree = "<group>"; };
		444F20C319B48A2C00BE4C26 /* Images.xcassets */ = {isa = PBXFileReference; lastKnownFileType = folder.assetcatalog; path = Images.xcassets; sourceTree = "<group>"; };
		444F20C919B48A2C00BE4C26 /* eBookTests.xctest */ = {isa = PBXFileReference; explicitFileType = wrapper.cfbundle; includeInIndex = 0; path = eBookTests.xctest; sourceTree = BUILT_PRODUCTS_DIR; };
		444F20CE19B48A2C00BE4C26 /* Info.plist */ = {isa = PBXFileReference; lastKnownFileType = text.plist.xml; path = Info.plist; sourceTree = "<group>"; };
		444F20CF19B48A2C00BE4C26 /* eBookTests.m */ = {isa = PBXFileReference; lastKnownFileType = sourcecode.c.objc; path = eBookTests.m; sourceTree = "<group>"; };
		444F20EA19B4C10500BE4C26 /* Parse.framework */ = {isa = PBXFileReference; lastKnownFileType = wrapper.framework; path = Parse.framework; sourceTree = "<group>"; };
		444F20EC19B4C13500BE4C26 /* AudioToolbox.framework */ = {isa = PBXFileReference; lastKnownFileType = wrapper.framework; name = AudioToolbox.framework; path = System/Library/Frameworks/AudioToolbox.framework; sourceTree = SDKROOT; };
		444F20EE19B4C13D00BE4C26 /* CFNetwork.framework */ = {isa = PBXFileReference; lastKnownFileType = wrapper.framework; name = CFNetwork.framework; path = System/Library/Frameworks/CFNetwork.framework; sourceTree = SDKROOT; };
		444F20F019B4C14300BE4C26 /* CoreGraphics.framework */ = {isa = PBXFileReference; lastKnownFileType = wrapper.framework; name = CoreGraphics.framework; path = System/Library/Frameworks/CoreGraphics.framework; sourceTree = SDKROOT; };
		444F20F219B4C14A00BE4C26 /* CoreLocation.framework */ = {isa = PBXFileReference; lastKnownFileType = wrapper.framework; name = CoreLocation.framework; path = System/Library/Frameworks/CoreLocation.framework; sourceTree = SDKROOT; };
		444F20F419B4C15000BE4C26 /* libz.dylib */ = {isa = PBXFileReference; lastKnownFileType = "compiled.mach-o.dylib"; name = libz.dylib; path = usr/lib/libz.dylib; sourceTree = SDKROOT; };
		444F20F619B4C15700BE4C26 /* MobileCoreServices.framework */ = {isa = PBXFileReference; lastKnownFileType = wrapper.framework; name = MobileCoreServices.framework; path = System/Library/Frameworks/MobileCoreServices.framework; sourceTree = SDKROOT; };
		444F20F819B4C15E00BE4C26 /* QuartzCore.framework */ = {isa = PBXFileReference; lastKnownFileType = wrapper.framework; name = QuartzCore.framework; path = System/Library/Frameworks/QuartzCore.framework; sourceTree = SDKROOT; };
		444F20FA19B4C16800BE4C26 /* Security.framework */ = {isa = PBXFileReference; lastKnownFileType = wrapper.framework; name = Security.framework; path = System/Library/Frameworks/Security.framework; sourceTree = SDKROOT; };
		444F20FC19B4C16E00BE4C26 /* StoreKit.framework */ = {isa = PBXFileReference; lastKnownFileType = wrapper.framework; name = StoreKit.framework; path = System/Library/Frameworks/StoreKit.framework; sourceTree = SDKROOT; };
		444F20FE19B4C17600BE4C26 /* SystemConfiguration.framework */ = {isa = PBXFileReference; lastKnownFileType = wrapper.framework; name = SystemConfiguration.framework; path = System/Library/Frameworks/SystemConfiguration.framework; sourceTree = SDKROOT; };
		444F210519B4C24E00BE4C26 /* User.h */ = {isa = PBXFileReference; fileEncoding = 4; lastKnownFileType = sourcecode.c.h; path = User.h; sourceTree = "<group>"; };
		444F210619B4C24E00BE4C26 /* User.m */ = {isa = PBXFileReference; fileEncoding = 4; lastKnownFileType = sourcecode.c.objc; path = User.m; sourceTree = "<group>"; };
		444F210819B4C81F00BE4C26 /* Books.h */ = {isa = PBXFileReference; fileEncoding = 4; lastKnownFileType = sourcecode.c.h; path = Books.h; sourceTree = "<group>"; };
		444F210919B4C81F00BE4C26 /* Books.m */ = {isa = PBXFileReference; fileEncoding = 4; lastKnownFileType = sourcecode.c.objc; path = Books.m; sourceTree = "<group>"; };
		444F210B19B4C8DD00BE4C26 /* BooksManager.h */ = {isa = PBXFileReference; fileEncoding = 4; lastKnownFileType = sourcecode.c.h; path = BooksManager.h; sourceTree = "<group>"; };
		444F210C19B4C8DD00BE4C26 /* BooksManager.m */ = {isa = PBXFileReference; fileEncoding = 4; lastKnownFileType = sourcecode.c.objc; path = BooksManager.m; sourceTree = "<group>"; };
		44E8FFB319B4CC7A003F8FD5 /* CategoryBooks.h */ = {isa = PBXFileReference; fileEncoding = 4; lastKnownFileType = sourcecode.c.h; path = CategoryBooks.h; sourceTree = "<group>"; };
		44E8FFB419B4CC7A003F8FD5 /* CategoryBooks.m */ = {isa = PBXFileReference; fileEncoding = 4; lastKnownFileType = sourcecode.c.objc; path = CategoryBooks.m; sourceTree = "<group>"; };
/* End PBXFileReference section */

/* Begin PBXFrameworksBuildPhase section */
		444F20AD19B48A2C00BE4C26 /* Frameworks */ = {
			isa = PBXFrameworksBuildPhase;
			buildActionMask = 2147483647;
			files = (
				444F20FF19B4C17600BE4C26 /* SystemConfiguration.framework in Frameworks */,
				444F20FD19B4C16E00BE4C26 /* StoreKit.framework in Frameworks */,
				444F20FB19B4C16800BE4C26 /* Security.framework in Frameworks */,
				444F20F919B4C15E00BE4C26 /* QuartzCore.framework in Frameworks */,
				444F20F719B4C15700BE4C26 /* MobileCoreServices.framework in Frameworks */,
				444F20F519B4C15000BE4C26 /* libz.dylib in Frameworks */,
				444F20F319B4C14A00BE4C26 /* CoreLocation.framework in Frameworks */,
				444F20F119B4C14300BE4C26 /* CoreGraphics.framework in Frameworks */,
				444F20EF19B4C13D00BE4C26 /* CFNetwork.framework in Frameworks */,
				444F20ED19B4C13500BE4C26 /* AudioToolbox.framework in Frameworks */,
				444F20EB19B4C10500BE4C26 /* Parse.framework in Frameworks */,
			);
			runOnlyForDeploymentPostprocessing = 0;
		};
		444F20C619B48A2C00BE4C26 /* Frameworks */ = {
			isa = PBXFrameworksBuildPhase;
			buildActionMask = 2147483647;
			files = (
			);
			runOnlyForDeploymentPostprocessing = 0;
		};
/* End PBXFrameworksBuildPhase section */

/* Begin PBXGroup section */
		444F20A719B48A2B00BE4C26 = {
			isa = PBXGroup;
			children = (
				444F20C019B48A2C00BE4C26 /* Main.storyboard */,
				444F20B219B48A2C00BE4C26 /* eBook */,
				444F20E919B4C0E800BE4C26 /* Frameworks */,
				444F20CC19B48A2C00BE4C26 /* eBookTests */,
				444F20B119B48A2C00BE4C26 /* Products */,
			);
			sourceTree = "<group>";
		};
		444F20B119B48A2C00BE4C26 /* Products */ = {
			isa = PBXGroup;
			children = (
				444F20B019B48A2C00BE4C26 /* eBook.app */,
				444F20C919B48A2C00BE4C26 /* eBookTests.xctest */,
			);
			name = Products;
			sourceTree = "<group>";
		};
		444F20B219B48A2C00BE4C26 /* eBook */ = {
			isa = PBXGroup;
			children = (
				444F20B719B48A2C00BE4C26 /* AppDelegate.h */,
				444F20B819B48A2C00BE4C26 /* AppDelegate.m */,
				444F210319B4C23800BE4C26 /* Model */,
				444F210419B4C23800BE4C26 /* View */,
				444F20D919B48A5E00BE4C26 /* Controller */,
				444F20C319B48A2C00BE4C26 /* Images.xcassets */,
				444F20B319B48A2C00BE4C26 /* Supporting Files */,
			);
			path = eBook;
			sourceTree = "<group>";
		};
		444F20B319B48A2C00BE4C26 /* Supporting Files */ = {
			isa = PBXGroup;
			children = (
				444F20B419B48A2C00BE4C26 /* Info.plist */,
				444F20B519B48A2C00BE4C26 /* main.m */,
			);
			name = "Supporting Files";
			sourceTree = "<group>";
		};
		444F20CC19B48A2C00BE4C26 /* eBookTests */ = {
			isa = PBXGroup;
			children = (
				444F20CF19B48A2C00BE4C26 /* eBookTests.m */,
				444F20CD19B48A2C00BE4C26 /* Supporting Files */,
			);
			path = eBookTests;
			sourceTree = "<group>";
		};
		444F20CD19B48A2C00BE4C26 /* Supporting Files */ = {
			isa = PBXGroup;
			children = (
				444F20CE19B48A2C00BE4C26 /* Info.plist */,
			);
			name = "Supporting Files";
			sourceTree = "<group>";
		};
		444F20D919B48A5E00BE4C26 /* Controller */ = {
			isa = PBXGroup;
			children = (
			);
			path = Controller;
			sourceTree = "<group>";
		};
		444F20E919B4C0E800BE4C26 /* Frameworks */ = {
			isa = PBXGroup;
			children = (
				444F20FE19B4C17600BE4C26 /* SystemConfiguration.framework */,
				444F20FC19B4C16E00BE4C26 /* StoreKit.framework */,
				444F20FA19B4C16800BE4C26 /* Security.framework */,
				444F20F819B4C15E00BE4C26 /* QuartzCore.framework */,
				444F20F619B4C15700BE4C26 /* MobileCoreServices.framework */,
				444F20F419B4C15000BE4C26 /* libz.dylib */,
				444F20F219B4C14A00BE4C26 /* CoreLocation.framework */,
				444F20F019B4C14300BE4C26 /* CoreGraphics.framework */,
				444F20EE19B4C13D00BE4C26 /* CFNetwork.framework */,
				444F20EC19B4C13500BE4C26 /* AudioToolbox.framework */,
				444F20EA19B4C10500BE4C26 /* Parse.framework */,
			);
			path = Frameworks;
			sourceTree = "<group>";
		};
		444F210319B4C23800BE4C26 /* Model */ = {
			isa = PBXGroup;
			children = (
				444F210519B4C24E00BE4C26 /* User.h */,
				444F210619B4C24E00BE4C26 /* User.m */,
				44E8FFB319B4CC7A003F8FD5 /* CategoryBooks.h */,
				44E8FFB419B4CC7A003F8FD5 /* CategoryBooks.m */,
				444F210819B4C81F00BE4C26 /* Books.h */,
				444F210919B4C81F00BE4C26 /* Books.m */,
				444F210B19B4C8DD00BE4C26 /* BooksManager.h */,
				444F210C19B4C8DD00BE4C26 /* BooksManager.m */,
			);
			path = Model;
			sourceTree = "<group>";
		};
		444F210419B4C23800BE4C26 /* View */ = {
			isa = PBXGroup;
			children = (
			);
			path = View;
			sourceTree = "<group>";
		};
/* End PBXGroup section */

/* Begin PBXNativeTarget section */
		444F20AF19B48A2C00BE4C26 /* eBook */ = {
			isa = PBXNativeTarget;
			buildConfigurationList = 444F20D319B48A2C00BE4C26 /* Build configuration list for PBXNativeTarget "eBook" */;
			buildPhases = (
				444F20AC19B48A2C00BE4C26 /* Sources */,
				444F20AD19B48A2C00BE4C26 /* Frameworks */,
				444F20AE19B48A2C00BE4C26 /* Resources */,
			);
			buildRules = (
			);
			dependencies = (
			);
			name = eBook;
			productName = eBook;
			productReference = 444F20B019B48A2C00BE4C26 /* eBook.app */;
			productType = "com.apple.product-type.application";
		};
		444F20C819B48A2C00BE4C26 /* eBookTests */ = {
			isa = PBXNativeTarget;
			buildConfigurationList = 444F20D619B48A2C00BE4C26 /* Build configuration list for PBXNativeTarget "eBookTests" */;
			buildPhases = (
				444F20C519B48A2C00BE4C26 /* Sources */,
				444F20C619B48A2C00BE4C26 /* Frameworks */,
				444F20C719B48A2C00BE4C26 /* Resources */,
			);
			buildRules = (
			);
			dependencies = (
				444F20CB19B48A2C00BE4C26 /* PBXTargetDependency */,
			);
			name = eBookTests;
			productName = eBookTests;
			productReference = 444F20C919B48A2C00BE4C26 /* eBookTests.xctest */;
			productType = "com.apple.product-type.bundle.unit-test";
		};
/* End PBXNativeTarget section */

/* Begin PBXProject section */
		444F20A819B48A2C00BE4C26 /* Project object */ = {
			isa = PBXProject;
			attributes = {
				LastUpgradeCheck = 0600;
				ORGANIZATIONNAME = Sittikorn;
				TargetAttributes = {
					444F20AF19B48A2C00BE4C26 = {
						CreatedOnToolsVersion = 6.0;
					};
					444F20C819B48A2C00BE4C26 = {
						CreatedOnToolsVersion = 6.0;
						TestTargetID = 444F20AF19B48A2C00BE4C26;
					};
				};
			};
			buildConfigurationList = 444F20AB19B48A2C00BE4C26 /* Build configuration list for PBXProject "eBook" */;
			compatibilityVersion = "Xcode 3.2";
			developmentRegion = English;
			hasScannedForEncodings = 0;
			knownRegions = (
				en,
				Base,
			);
			mainGroup = 444F20A719B48A2B00BE4C26;
			productRefGroup = 444F20B119B48A2C00BE4C26 /* Products */;
			projectDirPath = "";
			projectRoot = "";
			targets = (
				444F20AF19B48A2C00BE4C26 /* eBook */,
				444F20C819B48A2C00BE4C26 /* eBookTests */,
			);
		};
/* End PBXProject section */

/* Begin PBXResourcesBuildPhase section */
		444F20AE19B48A2C00BE4C26 /* Resources */ = {
			isa = PBXResourcesBuildPhase;
			buildActionMask = 2147483647;
			files = (
				444F20C219B48A2C00BE4C26 /* Main.storyboard in Resources */,
				444F20C419B48A2C00BE4C26 /* Images.xcassets in Resources */,
			);
			runOnlyForDeploymentPostprocessing = 0;
		};
		444F20C719B48A2C00BE4C26 /* Resources */ = {
			isa = PBXResourcesBuildPhase;
			buildActionMask = 2147483647;
			files = (
			);
			runOnlyForDeploymentPostprocessing = 0;
		};
/* End PBXResourcesBuildPhase section */

/* Begin PBXSourcesBuildPhase section */
		444F20AC19B48A2C00BE4C26 /* Sources */ = {
			isa = PBXSourcesBuildPhase;
			buildActionMask = 2147483647;
			files = (
				444F210A19B4C81F00BE4C26 /* Books.m in Sources */,
				444F20B919B48A2C00BE4C26 /* AppDelegate.m in Sources */,
				444F20B619B48A2C00BE4C26 /* main.m in Sources */,
				444F210D19B4C8DD00BE4C26 /* BooksManager.m in Sources */,
				44E8FFB519B4CC7A003F8FD5 /* CategoryBooks.m in Sources */,
				444F210719B4C24E00BE4C26 /* User.m in Sources */,
			);
			runOnlyForDeploymentPostprocessing = 0;
		};
		444F20C519B48A2C00BE4C26 /* Sources */ = {
			isa = PBXSourcesBuildPhase;
			buildActionMask = 2147483647;
			files = (
				444F20D019B48A2C00BE4C26 /* eBookTests.m in Sources */,
			);
			runOnlyForDeploymentPostprocessing = 0;
		};
/* End PBXSourcesBuildPhase section */

/* Begin PBXTargetDependency section */
		444F20CB19B48A2C00BE4C26 /* PBXTargetDependency */ = {
			isa = PBXTargetDependency;
			target = 444F20AF19B48A2C00BE4C26 /* eBook */;
			targetProxy = 444F20CA19B48A2C00BE4C26 /* PBXContainerItemProxy */;
		};
/* End PBXTargetDependency section */

/* Begin PBXVariantGroup section */
		444F20C019B48A2C00BE4C26 /* Main.storyboard */ = {
			isa = PBXVariantGroup;
			children = (
				444F20C119B48A2C00BE4C26 /* Base */,
			);
			name = Main.storyboard;
			path = eBook;
			sourceTree = "<group>";
		};
/* End PBXVariantGroup section */

/* Begin XCBuildConfiguration section */
		444F20D119B48A2C00BE4C26 /* Debug */ = {
			isa = XCBuildConfiguration;
			buildSettings = {
				ALWAYS_SEARCH_USER_PATHS = NO;
				CLANG_CXX_LANGUAGE_STANDARD = "gnu++0x";
				CLANG_CXX_LIBRARY = "libc++";
				CLANG_ENABLE_MODULES = YES;
				CLANG_ENABLE_OBJC_ARC = YES;
				CLANG_WARN_BOOL_CONVERSION = YES;
				CLANG_WARN_CONSTANT_CONVERSION = YES;
				CLANG_WARN_DIRECT_OBJC_ISA_USAGE = YES_ERROR;
				CLANG_WARN_EMPTY_BODY = YES;
				CLANG_WARN_ENUM_CONVERSION = YES;
				CLANG_WARN_INT_CONVERSION = YES;
				CLANG_WARN_OBJC_ROOT_CLASS = YES_ERROR;
				CLANG_WARN_UNREACHABLE_CODE = YES;
				CLANG_WARN__DUPLICATE_METHOD_MATCH = YES;
				"CODE_SIGN_IDENTITY[sdk=iphoneos*]" = "iPhone Developer";
				COPY_PHASE_STRIP = NO;
				ENABLE_STRICT_OBJC_MSGSEND = YES;
				GCC_C_LANGUAGE_STANDARD = gnu99;
				GCC_DYNAMIC_NO_PIC = NO;
				GCC_OPTIMIZATION_LEVEL = 0;
				GCC_PREPROCESSOR_DEFINITIONS = (
					"DEBUG=1",
					"$(inherited)",
				);
				GCC_SYMBOLS_PRIVATE_EXTERN = NO;
				GCC_WARN_64_TO_32_BIT_CONVERSION = YES;
				GCC_WARN_ABOUT_RETURN_TYPE = YES_ERROR;
				GCC_WARN_UNDECLARED_SELECTOR = YES;
				GCC_WARN_UNINITIALIZED_AUTOS = YES_AGGRESSIVE;
				GCC_WARN_UNUSED_FUNCTION = YES;
				GCC_WARN_UNUSED_VARIABLE = YES;
				IPHONEOS_DEPLOYMENT_TARGET = 8.0;
				MTL_ENABLE_DEBUG_INFO = YES;
				ONLY_ACTIVE_ARCH = YES;
				SDKROOT = iphoneos;
			};
			name = Debug;
		};
		444F20D219B48A2C00BE4C26 /* Release */ = {
			isa = XCBuildConfiguration;
			buildSettings = {
				ALWAYS_SEARCH_USER_PATHS = NO;
				CLANG_CXX_LANGUAGE_STANDARD = "gnu++0x";
				CLANG_CXX_LIBRARY = "libc++";
				CLANG_ENABLE_MODULES = YES;
				CLANG_ENABLE_OBJC_ARC = YES;
				CLANG_WARN_BOOL_CONVERSION = YES;
				CLANG_WARN_CONSTANT_CONVERSION = YES;
				CLANG_WARN_DIRECT_OBJC_ISA_USAGE = YES_ERROR;
				CLANG_WARN_EMPTY_BODY = YES;
				CLANG_WARN_ENUM_CONVERSION = YES;
				CLANG_WARN_INT_CONVERSION = YES;
				CLANG_WARN_OBJC_ROOT_CLASS = YES_ERROR;
				CLANG_WARN_UNREACHABLE_CODE = YES;
				CLANG_WARN__DUPLICATE_METHOD_MATCH = YES;
				"CODE_SIGN_IDENTITY[sdk=iphoneos*]" = "iPhone Developer";
				COPY_PHASE_STRIP = YES;
				ENABLE_NS_ASSERTIONS = NO;
				ENABLE_STRICT_OBJC_MSGSEND = YES;
				GCC_C_LANGUAGE_STANDARD = gnu99;
				GCC_WARN_64_TO_32_BIT_CONVERSION = YES;
				GCC_WARN_ABOUT_RETURN_TYPE = YES_ERROR;
				GCC_WARN_UNDECLARED_SELECTOR = YES;
				GCC_WARN_UNINITIALIZED_AUTOS = YES_AGGRESSIVE;
				GCC_WARN_UNUSED_FUNCTION = YES;
				GCC_WARN_UNUSED_VARIABLE = YES;
				IPHONEOS_DEPLOYMENT_TARGET = 8.0;
				MTL_ENABLE_DEBUG_INFO = NO;
				SDKROOT = iphoneos;
				VALIDATE_PRODUCT = YES;
			};
			name = Release;
		};
		444F20D419B48A2C00BE4C26 /* Debug */ = {
			isa = XCBuildConfiguration;
			buildSettings = {
				ASSETCATALOG_COMPILER_APPICON_NAME = AppIcon;
				ASSETCATALOG_COMPILER_LAUNCHIMAGE_NAME = LaunchImage;
				FRAMEWORK_SEARCH_PATHS = (
					"$(inherited)",
					"$(PROJECT_DIR)/Frameworks",
				);
				INFOPLIST_FILE = eBook/Info.plist;
				IPHONEOS_DEPLOYMENT_TARGET = 7.1;
				LD_RUNPATH_SEARCH_PATHS = "$(inherited) @executable_path/Frameworks";
				PRODUCT_NAME = "$(TARGET_NAME)";
				TARGETED_DEVICE_FAMILY = 2;
			};
			name = Debug;
		};
		444F20D519B48A2C00BE4C26 /* Release */ = {
			isa = XCBuildConfiguration;
			buildSettings = {
				ASSETCATALOG_COMPILER_APPICON_NAME = AppIcon;
				ASSETCATALOG_COMPILER_LAUNCHIMAGE_NAME = LaunchImage;
				FRAMEWORK_SEARCH_PATHS = (
					"$(inherited)",
					"$(PROJECT_DIR)/Frameworks",
				);
				INFOPLIST_FILE = eBook/Info.plist;
				IPHONEOS_DEPLOYMENT_TARGET = 7.1;
				LD_RUNPATH_SEARCH_PATHS = "$(inherited) @executable_path/Frameworks";
				PRODUCT_NAME = "$(TARGET_NAME)";
				TARGETED_DEVICE_FAMILY = 2;
			};
			name = Release;
		};
		444F20D719B48A2C00BE4C26 /* Debug */ = {
			isa = XCBuildConfiguration;
			buildSettings = {
				BUNDLE_LOADER = "$(TEST_HOST)";
				FRAMEWORK_SEARCH_PATHS = (
					"$(SDKROOT)/Developer/Library/Frameworks",
					"$(inherited)",
				);
				GCC_PREPROCESSOR_DEFINITIONS = (
					"DEBUG=1",
					"$(inherited)",
				);
				INFOPLIST_FILE = eBookTests/Info.plist;
				LD_RUNPATH_SEARCH_PATHS = "$(inherited) @executable_path/Frameworks @loader_path/Frameworks";
				PRODUCT_NAME = "$(TARGET_NAME)";
				TEST_HOST = "$(BUILT_PRODUCTS_DIR)/eBook.app/eBook";
			};
			name = Debug;
		};
		444F20D819B48A2C00BE4C26 /* Release */ = {
			isa = XCBuildConfiguration;
			buildSettings = {
				BUNDLE_LOADER = "$(TEST_HOST)";
				FRAMEWORK_SEARCH_PATHS = (
					"$(SDKROOT)/Developer/Library/Frameworks",
					"$(inherited)",
				);
				INFOPLIST_FILE = eBookTests/Info.plist;
				LD_RUNPATH_SEARCH_PATHS = "$(inherited) @executable_path/Frameworks @loader_path/Frameworks";
				PRODUCT_NAME = "$(TARGET_NAME)";
				TEST_HOST = "$(BUILT_PRODUCTS_DIR)/eBook.app/eBook";
			};
			name = Release;
		};
/* End XCBuildConfiguration section */

/* Begin XCConfigurationList section */
		444F20AB19B48A2C00BE4C26 /* Build configuration list for PBXProject "eBook" */ = {
			isa = XCConfigurationList;
			buildConfigurations = (
				444F20D119B48A2C00BE4C26 /* Debug */,
				444F20D219B48A2C00BE4C26 /* Release */,
			);
			defaultConfigurationIsVisible = 0;
			defaultConfigurationName = Release;
		};
		444F20D319B48A2C00BE4C26 /* Build configuration list for PBXNativeTarget "eBook" */ = {
			isa = XCConfigurationList;
			buildConfigurations = (
				444F20D419B48A2C00BE4C26 /* Debug */,
				444F20D519B48A2C00BE4C26 /* Release */,
			);
			defaultConfigurationIsVisible = 0;
			defaultConfigurationName = Release;
		};
		444F20D619B48A2C00BE4C26 /* Build configuration list for PBXNativeTarget "eBookTests" */ = {
			isa = XCConfigurationList;
			buildConfigurations = (
				444F20D719B48A2C00BE4C26 /* Debug */,
				444F20D819B48A2C00BE4C26 /* Release */,
			);
			defaultConfigurationIsVisible = 0;
			defaultConfigurationName = Release;
		};
/* End XCConfigurationList section */
	};
	rootObject = 444F20A819B48A2C00BE4C26 /* Project object */;
}
