// !$*UTF8*$!
{
	archiveVersion = 1;
	classes = {
	};
	objectVersion = 46;
	objects = {

/* Begin PBXBuildFile section */
		2D66F42119B5F37A001CA7E1 /* LoginViewController.m in Sources */ = {isa = PBXBuildFile; fileRef = 2D66F41F19B5F37A001CA7E1 /* LoginViewController.m */; };
		2D66F42219B5F37A001CA7E1 /* LoginViewController.xib in Resources */ = {isa = PBXBuildFile; fileRef = 2D66F42019B5F37A001CA7E1 /* LoginViewController.xib */; };
		2D66F42819B5FA70001CA7E1 /* StoreViewController.m in Sources */ = {isa = PBXBuildFile; fileRef = 2D66F42619B5FA70001CA7E1 /* StoreViewController.m */; };
		2D66F42919B5FA70001CA7E1 /* StoreViewController.xib in Resources */ = {isa = PBXBuildFile; fileRef = 2D66F42719B5FA70001CA7E1 /* StoreViewController.xib */; };
		440D878919B62D8B0067EE28 /* ProfileViewController.xib in Resources */ = {isa = PBXBuildFile; fileRef = 440D878719B62D8B0067EE28 /* ProfileViewController.xib */; };
		440D878D19B62DE40067EE28 /* GBPathImageView.m in Sources */ = {isa = PBXBuildFile; fileRef = 440D878C19B62DE40067EE28 /* GBPathImageView.m */; };
		440D879019B62DF80067EE28 /* ProfileViewController.m in Sources */ = {isa = PBXBuildFile; fileRef = 440D878F19B62DF80067EE28 /* ProfileViewController.m */; };
		444F20B619B48A2C00BE4C26 /* main.m in Sources */ = {isa = PBXBuildFile; fileRef = 444F20B519B48A2C00BE4C26 /* main.m */; };
		444F20B919B48A2C00BE4C26 /* AppDelegate.m in Sources */ = {isa = PBXBuildFile; fileRef = 444F20B819B48A2C00BE4C26 /* AppDelegate.m */; };
		444F20C419B48A2C00BE4C26 /* Images.xcassets in Resources */ = {isa = PBXBuildFile; fileRef = 444F20C319B48A2C00BE4C26 /* Images.xcassets */; };
		444F20D019B48A2C00BE4C26 /* eBookTests.m in Sources */ = {isa = PBXBuildFile; fileRef = 444F20CF19B48A2C00BE4C26 /* eBookTests.m */; };
		444F20EB19B4C10500BE4C26 /* Parse.framework in Frameworks */ = {isa = PBXBuildFile; fileRef = 444F20EA19B4C10500BE4C26 /* Parse.framework */; };
		444F20ED19B4C13500BE4C26 /* AudioToolbox.framework in Frameworks */ = {isa = PBXBuildFile; fileRef = 444F20EC19B4C13500BE4C26 /* AudioToolbox.framework */; };
		444F20EF19B4C13D00BE4C26 /* CFNetwork.framework in Frameworks */ = {isa = PBXBuildFile; fileRef = 444F20EE19B4C13D00BE4C26 /* CFNetwork.framework */; };
		444F20F119B4C14300BE4C26 /* CoreGraphics.framework in Frameworks */ = {isa = PBXBuildFile; fileRef = 444F20F019B4C14300BE4C26 /* CoreGraphics.framework */; };
		444F20F319B4C14A00BE4C26 /* CoreLocation.framework in Frameworks */ = {isa = PBXBuildFile; fileRef = 444F20F219B4C14A00BE4C26 /* CoreLocation.framework */; };
		444F20F519B4C15000BE4C26 /* libz.dylib in Frameworks */ = {isa = PBXBuildFile; fileRef = 444F20F419B4C15000BE4C26 /* libz.dylib */; };
		444F20F719B4C15700BE4C26 /* MobileCoreServices.framework in Frameworks */ = {isa = PBXBuildFile; fileRef = 444F20F619B4C15700BE4C26 /* MobileCoreServices.framework */; };
		444F20F919B4C15E00BE4C26 /* QuartzCore.framework in Frameworks */ = {isa = PBXBuildFile; fileRef = 444F20F819B4C15E00BE4C26 /* QuartzCore.framework */; };
		444F20FB19B4C16800BE4C26 /* Security.framework in Frameworks */ = {isa = PBXBuildFile; fileRef = 444F20FA19B4C16800BE4C26 /* Security.framework */; };
		444F20FD19B4C16E00BE4C26 /* StoreKit.framework in Frameworks */ = {isa = PBXBuildFile; fileRef = 444F20FC19B4C16E00BE4C26 /* StoreKit.framework */; };
		444F20FF19B4C17600BE4C26 /* SystemConfiguration.framework in Frameworks */ = {isa = PBXBuildFile; fileRef = 444F20FE19B4C17600BE4C26 /* SystemConfiguration.framework */; };
		444F210719B4C24E00BE4C26 /* User.m in Sources */ = {isa = PBXBuildFile; fileRef = 444F210619B4C24E00BE4C26 /* User.m */; };
		444F210A19B4C81F00BE4C26 /* Books.m in Sources */ = {isa = PBXBuildFile; fileRef = 444F210919B4C81F00BE4C26 /* Books.m */; };
		444F210D19B4C8DD00BE4C26 /* BooksManager.m in Sources */ = {isa = PBXBuildFile; fileRef = 444F210C19B4C8DD00BE4C26 /* BooksManager.m */; };
		446D1BB119B6D2530050D003 /* SettingTableViewController.m in Sources */ = {isa = PBXBuildFile; fileRef = 446D1BAF19B6D2530050D003 /* SettingTableViewController.m */; };
		446D1BB219B6D2530050D003 /* SettingTableViewController.xib in Resources */ = {isa = PBXBuildFile; fileRef = 446D1BB019B6D2530050D003 /* SettingTableViewController.xib */; };
		448DDF0A19B876A2002D2A63 /* page.png in Resources */ = {isa = PBXBuildFile; fileRef = 448DDF0919B876A2002D2A63 /* page.png */; };
		44B8913819B83B2300CE581A /* 1star.png in Resources */ = {isa = PBXBuildFile; fileRef = 44B8913219B83B2300CE581A /* 1star.png */; };
		44B8913919B83B2300CE581A /* 4star.png in Resources */ = {isa = PBXBuildFile; fileRef = 44B8913319B83B2300CE581A /* 4star.png */; };
		44B8913A19B83B2300CE581A /* 5star.png in Resources */ = {isa = PBXBuildFile; fileRef = 44B8913419B83B2300CE581A /* 5star.png */; };
		44B8913B19B83B2300CE581A /* 2star.png in Resources */ = {isa = PBXBuildFile; fileRef = 44B8913519B83B2300CE581A /* 2star.png */; };
		44B8913C19B83B2300CE581A /* 3star.png in Resources */ = {isa = PBXBuildFile; fileRef = 44B8913619B83B2300CE581A /* 3star.png */; };
		44B8913D19B83B2300CE581A /* emplyStar.png in Resources */ = {isa = PBXBuildFile; fileRef = 44B8913719B83B2300CE581A /* emplyStar.png */; };
		44B8913F19B83C4D00CE581A /* allRating.png in Resources */ = {isa = PBXBuildFile; fileRef = 44B8913E19B83C4D00CE581A /* allRating.png */; };
		44BC186819B8C80100BAC2FC /* UIColor+HexString.m in Sources */ = {isa = PBXBuildFile; fileRef = 44BC186719B8C80100BAC2FC /* UIColor+HexString.m */; };
		44BC186C19B8CECE00BAC2FC /* ShelfViewController.m in Sources */ = {isa = PBXBuildFile; fileRef = 44BC186A19B8CECE00BAC2FC /* ShelfViewController.m */; };
		44BC186D19B8CECE00BAC2FC /* ShelfViewController.xib in Resources */ = {isa = PBXBuildFile; fileRef = 44BC186B19B8CECE00BAC2FC /* ShelfViewController.xib */; };
		44C2399F19B752F0009DF6ED /* ORGArticleCollectionViewCell.xib in Resources */ = {isa = PBXBuildFile; fileRef = 44C2399819B752F0009DF6ED /* ORGArticleCollectionViewCell.xib */; };
		44C239A019B752F0009DF6ED /* ORGArticleCollectionViewCell.m in Sources */ = {isa = PBXBuildFile; fileRef = 44C2399919B752F0009DF6ED /* ORGArticleCollectionViewCell.m */; };
		44C239A119B752F0009DF6ED /* ORGContainerCell.m in Sources */ = {isa = PBXBuildFile; fileRef = 44C2399B19B752F0009DF6ED /* ORGContainerCell.m */; };
		44C239A219B752F0009DF6ED /* ORGContainerCellView.xib in Resources */ = {isa = PBXBuildFile; fileRef = 44C2399D19B752F0009DF6ED /* ORGContainerCellView.xib */; };
		44C239A319B752F0009DF6ED /* ORGContainerCellView.m in Sources */ = {isa = PBXBuildFile; fileRef = 44C2399E19B752F0009DF6ED /* ORGContainerCellView.m */; };
		44CE48BD19B6E06100844AF6 /* ChangePasswordViewController.m in Sources */ = {isa = PBXBuildFile; fileRef = 44CE48BB19B6E06100844AF6 /* ChangePasswordViewController.m */; };
		44CE48BE19B6E06100844AF6 /* ChangePasswordViewController.xib in Resources */ = {isa = PBXBuildFile; fileRef = 44CE48BC19B6E06100844AF6 /* ChangePasswordViewController.xib */; };
		44CE48C319B6E36100844AF6 /* NotificationTableViewController.m in Sources */ = {isa = PBXBuildFile; fileRef = 44CE48C119B6E36100844AF6 /* NotificationTableViewController.m */; };
		44CE48C419B6E36100844AF6 /* NotificationTableViewController.xib in Resources */ = {isa = PBXBuildFile; fileRef = 44CE48C219B6E36100844AF6 /* NotificationTableViewController.xib */; };
		44CE48CE19B6E4AB00844AF6 /* ReportViewController.m in Sources */ = {isa = PBXBuildFile; fileRef = 44CE48CC19B6E4AB00844AF6 /* ReportViewController.m */; };
		44CE48CF19B6E4AB00844AF6 /* ReportViewController.xib in Resources */ = {isa = PBXBuildFile; fileRef = 44CE48CD19B6E4AB00844AF6 /* ReportViewController.xib */; };
		44CE48D219B6E6CA00844AF6 /* problem.m in Sources */ = {isa = PBXBuildFile; fileRef = 44CE48D119B6E6CA00844AF6 /* problem.m */; };
		44D04CF119B6E7CC00CD32FD /* AboutViewController.m in Sources */ = {isa = PBXBuildFile; fileRef = 44D04CEF19B6E7CC00CD32FD /* AboutViewController.m */; };
		44D04CF219B6E7CC00CD32FD /* AboutViewController.xib in Resources */ = {isa = PBXBuildFile; fileRef = 44D04CF019B6E7CC00CD32FD /* AboutViewController.xib */; };
		44D04CF519B6E87700CD32FD /* SG-Emblem-Color-EN.jpg in Resources */ = {isa = PBXBuildFile; fileRef = 44D04CF419B6E87700CD32FD /* SG-Emblem-Color-EN.jpg */; };
		44D04D0019B6EE9A00CD32FD /* iCarousel.m in Sources */ = {isa = PBXBuildFile; fileRef = 44D04CFF19B6EE9A00CD32FD /* iCarousel.m */; };
		44D04D3B19B7156400CD32FD /* DetailBookViewController.m in Sources */ = {isa = PBXBuildFile; fileRef = 44D04D3919B7156400CD32FD /* DetailBookViewController.m */; };
		44D04D3C19B7156400CD32FD /* DetailBookViewController.xib in Resources */ = {isa = PBXBuildFile; fileRef = 44D04D3A19B7156400CD32FD /* DetailBookViewController.xib */; };
		44D69C2A19B80D1C0089F639 /* InformationCell.m in Sources */ = {isa = PBXBuildFile; fileRef = 44D69C2819B80D1C0089F639 /* InformationCell.m */; };
		44D69C2B19B80D1C0089F639 /* InformationCell.xib in Resources */ = {isa = PBXBuildFile; fileRef = 44D69C2919B80D1C0089F639 /* InformationCell.xib */; };
		44D69C3919B825770089F639 /* ReviewCell.m in Sources */ = {isa = PBXBuildFile; fileRef = 44D69C3719B825770089F639 /* ReviewCell.m */; };
		44D69C3A19B825770089F639 /* ReviewCell.xib in Resources */ = {isa = PBXBuildFile; fileRef = 44D69C3819B825770089F639 /* ReviewCell.xib */; };
		44D91EC219B6D935001DD683 /* AccountTableViewController.m in Sources */ = {isa = PBXBuildFile; fileRef = 44D91EC019B6D935001DD683 /* AccountTableViewController.m */; };
		44D91EC319B6D935001DD683 /* AccountTableViewController.xib in Resources */ = {isa = PBXBuildFile; fileRef = 44D91EC119B6D935001DD683 /* AccountTableViewController.xib */; };
		44D91ECC19B6DB8D001DD683 /* ChangeEmailViewController.m in Sources */ = {isa = PBXBuildFile; fileRef = 44D91ECA19B6DB8D001DD683 /* ChangeEmailViewController.m */; };
		44D91ECD19B6DB8D001DD683 /* ChangeEmailViewController.xib in Resources */ = {isa = PBXBuildFile; fileRef = 44D91ECB19B6DB8D001DD683 /* ChangeEmailViewController.xib */; };
		44DDB1F119B7630A00408B2A /* book1.png in Resources */ = {isa = PBXBuildFile; fileRef = 44DDB1F019B7630A00408B2A /* book1.png */; };
		44E8FFB519B4CC7A003F8FD5 /* CategoryBooks.m in Sources */ = {isa = PBXBuildFile; fileRef = 44E8FFB419B4CC7A003F8FD5 /* CategoryBooks.m */; };
/* End PBXBuildFile section */

/* Begin PBXContainerItemProxy section */
		444F20CA19B48A2C00BE4C26 /* PBXContainerItemProxy */ = {
			isa = PBXContainerItemProxy;
			containerPortal = 444F20A819B48A2C00BE4C26 /* Project object */;
			proxyType = 1;
			remoteGlobalIDString = 444F20AF19B48A2C00BE4C26;
			remoteInfo = eBook;
		};
/* End PBXContainerItemProxy section */

/* Begin PBXFileReference section */
		2D66F41E19B5F37A001CA7E1 /* LoginViewController.h */ = {isa = PBXFileReference; fileEncoding = 4; lastKnownFileType = sourcecode.c.h; path = LoginViewController.h; sourceTree = "<group>"; };
		2D66F41F19B5F37A001CA7E1 /* LoginViewController.m */ = {isa = PBXFileReference; fileEncoding = 4; lastKnownFileType = sourcecode.c.objc; path = LoginViewController.m; sourceTree = "<group>"; };
		2D66F42019B5F37A001CA7E1 /* LoginViewController.xib */ = {isa = PBXFileReference; fileEncoding = 4; lastKnownFileType = file.xib; path = LoginViewController.xib; sourceTree = "<group>"; };
		2D66F42519B5FA70001CA7E1 /* StoreViewController.h */ = {isa = PBXFileReference; fileEncoding = 4; lastKnownFileType = sourcecode.c.h; path = StoreViewController.h; sourceTree = "<group>"; };
		2D66F42619B5FA70001CA7E1 /* StoreViewController.m */ = {isa = PBXFileReference; fileEncoding = 4; lastKnownFileType = sourcecode.c.objc; path = StoreViewController.m; sourceTree = "<group>"; };
		2D66F42719B5FA70001CA7E1 /* StoreViewController.xib */ = {isa = PBXFileReference; fileEncoding = 4; lastKnownFileType = file.xib; path = StoreViewController.xib; sourceTree = "<group>"; };
		440D878719B62D8B0067EE28 /* ProfileViewController.xib */ = {isa = PBXFileReference; fileEncoding = 4; lastKnownFileType = file.xib; path = ProfileViewController.xib; sourceTree = "<group>"; };
		440D878B19B62DE40067EE28 /* GBPathImageView.h */ = {isa = PBXFileReference; fileEncoding = 4; lastKnownFileType = sourcecode.c.h; path = GBPathImageView.h; sourceTree = "<group>"; };
		440D878C19B62DE40067EE28 /* GBPathImageView.m */ = {isa = PBXFileReference; fileEncoding = 4; lastKnownFileType = sourcecode.c.objc; path = GBPathImageView.m; sourceTree = "<group>"; };
		440D878E19B62DF80067EE28 /* ProfileViewController.h */ = {isa = PBXFileReference; fileEncoding = 4; lastKnownFileType = sourcecode.c.h; path = ProfileViewController.h; sourceTree = "<group>"; };
		440D878F19B62DF80067EE28 /* ProfileViewController.m */ = {isa = PBXFileReference; fileEncoding = 4; lastKnownFileType = sourcecode.c.objc; path = ProfileViewController.m; sourceTree = "<group>"; };
		444F20B019B48A2C00BE4C26 /* eBook.app */ = {isa = PBXFileReference; explicitFileType = wrapper.application; includeInIndex = 0; path = eBook.app; sourceTree = BUILT_PRODUCTS_DIR; };
		444F20B419B48A2C00BE4C26 /* Info.plist */ = {isa = PBXFileReference; lastKnownFileType = text.plist.xml; path = Info.plist; sourceTree = "<group>"; };
		444F20B519B48A2C00BE4C26 /* main.m */ = {isa = PBXFileReference; lastKnownFileType = sourcecode.c.objc; path = main.m; sourceTree = "<group>"; };
		444F20B719B48A2C00BE4C26 /* AppDelegate.h */ = {isa = PBXFileReference; lastKnownFileType = sourcecode.c.h; path = AppDelegate.h; sourceTree = "<group>"; };
		444F20B819B48A2C00BE4C26 /* AppDelegate.m */ = {isa = PBXFileReference; lastKnownFileType = sourcecode.c.objc; path = AppDelegate.m; sourceTree = "<group>"; };
		444F20C319B48A2C00BE4C26 /* Images.xcassets */ = {isa = PBXFileReference; lastKnownFileType = folder.assetcatalog; path = Images.xcassets; sourceTree = "<group>"; };
		444F20C919B48A2C00BE4C26 /* eBookTests.xctest */ = {isa = PBXFileReference; explicitFileType = wrapper.cfbundle; includeInIndex = 0; path = eBookTests.xctest; sourceTree = BUILT_PRODUCTS_DIR; };
		444F20CE19B48A2C00BE4C26 /* Info.plist */ = {isa = PBXFileReference; lastKnownFileType = text.plist.xml; path = Info.plist; sourceTree = "<group>"; };
		444F20CF19B48A2C00BE4C26 /* eBookTests.m */ = {isa = PBXFileReference; lastKnownFileType = sourcecode.c.objc; path = eBookTests.m; sourceTree = "<group>"; };
		444F20EA19B4C10500BE4C26 /* Parse.framework */ = {isa = PBXFileReference; lastKnownFileType = wrapper.framework; path = Parse.framework; sourceTree = "<group>"; };
		444F20EC19B4C13500BE4C26 /* AudioToolbox.framework */ = {isa = PBXFileReference; lastKnownFileType = wrapper.framework; name = AudioToolbox.framework; path = System/Library/Frameworks/AudioToolbox.framework; sourceTree = SDKROOT; };
		444F20EE19B4C13D00BE4C26 /* CFNetwork.framework */ = {isa = PBXFileReference; lastKnownFileType = wrapper.framework; name = CFNetwork.framework; path = System/Library/Frameworks/CFNetwork.framework; sourceTree = SDKROOT; };
		444F20F019B4C14300BE4C26 /* CoreGraphics.framework */ = {isa = PBXFileReference; lastKnownFileType = wrapper.framework; name = CoreGraphics.framework; path = System/Library/Frameworks/CoreGraphics.framework; sourceTree = SDKROOT; };
		444F20F219B4C14A00BE4C26 /* CoreLocation.framework */ = {isa = PBXFileReference; lastKnownFileType = wrapper.framework; name = CoreLocation.framework; path = System/Library/Frameworks/CoreLocation.framework; sourceTree = SDKROOT; };
		444F20F419B4C15000BE4C26 /* libz.dylib */ = {isa = PBXFileReference; lastKnownFileType = "compiled.mach-o.dylib"; name = libz.dylib; path = usr/lib/libz.dylib; sourceTree = SDKROOT; };
		444F20F619B4C15700BE4C26 /* MobileCoreServices.framework */ = {isa = PBXFileReference; lastKnownFileType = wrapper.framework; name = MobileCoreServices.framework; path = System/Library/Frameworks/MobileCoreServices.framework; sourceTree = SDKROOT; };
		444F20F819B4C15E00BE4C26 /* QuartzCore.framework */ = {isa = PBXFileReference; lastKnownFileType = wrapper.framework; name = QuartzCore.framework; path = System/Library/Frameworks/QuartzCore.framework; sourceTree = SDKROOT; };
		444F20FA19B4C16800BE4C26 /* Security.framework */ = {isa = PBXFileReference; lastKnownFileType = wrapper.framework; name = Security.framework; path = System/Library/Frameworks/Security.framework; sourceTree = SDKROOT; };
		444F20FC19B4C16E00BE4C26 /* StoreKit.framework */ = {isa = PBXFileReference; lastKnownFileType = wrapper.framework; name = StoreKit.framework; path = System/Library/Frameworks/StoreKit.framework; sourceTree = SDKROOT; };
		444F20FE19B4C17600BE4C26 /* SystemConfiguration.framework */ = {isa = PBXFileReference; lastKnownFileType = wrapper.framework; name = SystemConfiguration.framework; path = System/Library/Frameworks/SystemConfiguration.framework; sourceTree = SDKROOT; };
		444F210519B4C24E00BE4C26 /* User.h */ = {isa = PBXFileReference; fileEncoding = 4; lastKnownFileType = sourcecode.c.h; path = User.h; sourceTree = "<group>"; };
		444F210619B4C24E00BE4C26 /* User.m */ = {isa = PBXFileReference; fileEncoding = 4; lastKnownFileType = sourcecode.c.objc; path = User.m; sourceTree = "<group>"; };
		444F210819B4C81F00BE4C26 /* Books.h */ = {isa = PBXFileReference; fileEncoding = 4; lastKnownFileType = sourcecode.c.h; path = Books.h; sourceTree = "<group>"; };
		444F210919B4C81F00BE4C26 /* Books.m */ = {isa = PBXFileReference; fileEncoding = 4; lastKnownFileType = sourcecode.c.objc; path = Books.m; sourceTree = "<group>"; };
		444F210B19B4C8DD00BE4C26 /* BooksManager.h */ = {isa = PBXFileReference; fileEncoding = 4; lastKnownFileType = sourcecode.c.h; path = BooksManager.h; sourceTree = "<group>"; };
		444F210C19B4C8DD00BE4C26 /* BooksManager.m */ = {isa = PBXFileReference; fileEncoding = 4; lastKnownFileType = sourcecode.c.objc; path = BooksManager.m; sourceTree = "<group>"; };
		446D1BAE19B6D2530050D003 /* SettingTableViewController.h */ = {isa = PBXFileReference; fileEncoding = 4; lastKnownFileType = sourcecode.c.h; path = SettingTableViewController.h; sourceTree = "<group>"; };
		446D1BAF19B6D2530050D003 /* SettingTableViewController.m */ = {isa = PBXFileReference; fileEncoding = 4; lastKnownFileType = sourcecode.c.objc; path = SettingTableViewController.m; sourceTree = "<group>"; };
		446D1BB019B6D2530050D003 /* SettingTableViewController.xib */ = {isa = PBXFileReference; fileEncoding = 4; lastKnownFileType = file.xib; path = SettingTableViewController.xib; sourceTree = "<group>"; };
		448DDF0919B876A2002D2A63 /* page.png */ = {isa = PBXFileReference; lastKnownFileType = image.png; path = page.png; sourceTree = "<group>"; };
		44B8913219B83B2300CE581A /* 1star.png */ = {isa = PBXFileReference; lastKnownFileType = image.png; path = 1star.png; sourceTree = "<group>"; };
		44B8913319B83B2300CE581A /* 4star.png */ = {isa = PBXFileReference; lastKnownFileType = image.png; path = 4star.png; sourceTree = "<group>"; };
		44B8913419B83B2300CE581A /* 5star.png */ = {isa = PBXFileReference; lastKnownFileType = image.png; path = 5star.png; sourceTree = "<group>"; };
		44B8913519B83B2300CE581A /* 2star.png */ = {isa = PBXFileReference; lastKnownFileType = image.png; path = 2star.png; sourceTree = "<group>"; };
		44B8913619B83B2300CE581A /* 3star.png */ = {isa = PBXFileReference; lastKnownFileType = image.png; path = 3star.png; sourceTree = "<group>"; };
		44B8913719B83B2300CE581A /* emplyStar.png */ = {isa = PBXFileReference; lastKnownFileType = image.png; path = emplyStar.png; sourceTree = "<group>"; };
		44B8913E19B83C4D00CE581A /* allRating.png */ = {isa = PBXFileReference; lastKnownFileType = image.png; path = allRating.png; sourceTree = "<group>"; };
		44BC186619B8C80100BAC2FC /* UIColor+HexString.h */ = {isa = PBXFileReference; fileEncoding = 4; lastKnownFileType = sourcecode.c.h; path = "UIColor+HexString.h"; sourceTree = "<group>"; };
		44BC186719B8C80100BAC2FC /* UIColor+HexString.m */ = {isa = PBXFileReference; fileEncoding = 4; lastKnownFileType = sourcecode.c.objc; path = "UIColor+HexString.m"; sourceTree = "<group>"; };
		44BC186919B8CECE00BAC2FC /* ShelfViewController.h */ = {isa = PBXFileReference; fileEncoding = 4; lastKnownFileType = sourcecode.c.h; path = ShelfViewController.h; sourceTree = "<group>"; };
		44BC186A19B8CECE00BAC2FC /* ShelfViewController.m */ = {isa = PBXFileReference; fileEncoding = 4; lastKnownFileType = sourcecode.c.objc; path = ShelfViewController.m; sourceTree = "<group>"; };
		44BC186B19B8CECE00BAC2FC /* ShelfViewController.xib */ = {isa = PBXFileReference; fileEncoding = 4; lastKnownFileType = file.xib; path = ShelfViewController.xib; sourceTree = "<group>"; };
		44C2399719B752F0009DF6ED /* ORGArticleCollectionViewCell.h */ = {isa = PBXFileReference; fileEncoding = 4; lastKnownFileType = sourcecode.c.h; path = ORGArticleCollectionViewCell.h; sourceTree = "<group>"; };
		44C2399819B752F0009DF6ED /* ORGArticleCollectionViewCell.xib */ = {isa = PBXFileReference; fileEncoding = 4; lastKnownFileType = file.xib; path = ORGArticleCollectionViewCell.xib; sourceTree = "<group>"; };
		44C2399919B752F0009DF6ED /* ORGArticleCollectionViewCell.m */ = {isa = PBXFileReference; fileEncoding = 4; lastKnownFileType = sourcecode.c.objc; path = ORGArticleCollectionViewCell.m; sourceTree = "<group>"; };
		44C2399A19B752F0009DF6ED /* ORGContainerCell.h */ = {isa = PBXFileReference; fileEncoding = 4; lastKnownFileType = sourcecode.c.h; path = ORGContainerCell.h; sourceTree = "<group>"; };
		44C2399B19B752F0009DF6ED /* ORGContainerCell.m */ = {isa = PBXFileReference; fileEncoding = 4; lastKnownFileType = sourcecode.c.objc; path = ORGContainerCell.m; sourceTree = "<group>"; };
		44C2399C19B752F0009DF6ED /* ORGContainerCellView.h */ = {isa = PBXFileReference; fileEncoding = 4; lastKnownFileType = sourcecode.c.h; path = ORGContainerCellView.h; sourceTree = "<group>"; };
		44C2399D19B752F0009DF6ED /* ORGContainerCellView.xib */ = {isa = PBXFileReference; fileEncoding = 4; lastKnownFileType = file.xib; path = ORGContainerCellView.xib; sourceTree = "<group>"; };
		44C2399E19B752F0009DF6ED /* ORGContainerCellView.m */ = {isa = PBXFileReference; fileEncoding = 4; lastKnownFileType = sourcecode.c.objc; path = ORGContainerCellView.m; sourceTree = "<group>"; };
		44CE48BA19B6E06100844AF6 /* ChangePasswordViewController.h */ = {isa = PBXFileReference; fileEncoding = 4; lastKnownFileType = sourcecode.c.h; path = ChangePasswordViewController.h; sourceTree = "<group>"; };
		44CE48BB19B6E06100844AF6 /* ChangePasswordViewController.m */ = {isa = PBXFileReference; fileEncoding = 4; lastKnownFileType = sourcecode.c.objc; path = ChangePasswordViewController.m; sourceTree = "<group>"; };
		44CE48BC19B6E06100844AF6 /* ChangePasswordViewController.xib */ = {isa = PBXFileReference; fileEncoding = 4; lastKnownFileType = file.xib; path = ChangePasswordViewController.xib; sourceTree = "<group>"; };
		44CE48C019B6E36100844AF6 /* NotificationTableViewController.h */ = {isa = PBXFileReference; fileEncoding = 4; lastKnownFileType = sourcecode.c.h; path = NotificationTableViewController.h; sourceTree = "<group>"; };
		44CE48C119B6E36100844AF6 /* NotificationTableViewController.m */ = {isa = PBXFileReference; fileEncoding = 4; lastKnownFileType = sourcecode.c.objc; path = NotificationTableViewController.m; sourceTree = "<group>"; };
		44CE48C219B6E36100844AF6 /* NotificationTableViewController.xib */ = {isa = PBXFileReference; fileEncoding = 4; lastKnownFileType = file.xib; path = NotificationTableViewController.xib; sourceTree = "<group>"; };
		44CE48CB19B6E4AB00844AF6 /* ReportViewController.h */ = {isa = PBXFileReference; fileEncoding = 4; lastKnownFileType = sourcecode.c.h; path = ReportViewController.h; sourceTree = "<group>"; };
		44CE48CC19B6E4AB00844AF6 /* ReportViewController.m */ = {isa = PBXFileReference; fileEncoding = 4; lastKnownFileType = sourcecode.c.objc; path = ReportViewController.m; sourceTree = "<group>"; };
		44CE48CD19B6E4AB00844AF6 /* ReportViewController.xib */ = {isa = PBXFileReference; fileEncoding = 4; lastKnownFileType = file.xib; path = ReportViewController.xib; sourceTree = "<group>"; };
		44CE48D019B6E6CA00844AF6 /* problem.h */ = {isa = PBXFileReference; fileEncoding = 4; lastKnownFileType = sourcecode.c.h; path = problem.h; sourceTree = "<group>"; };
		44CE48D119B6E6CA00844AF6 /* problem.m */ = {isa = PBXFileReference; fileEncoding = 4; lastKnownFileType = sourcecode.c.objc; path = problem.m; sourceTree = "<group>"; };
		44D04CEE19B6E7CC00CD32FD /* AboutViewController.h */ = {isa = PBXFileReference; fileEncoding = 4; lastKnownFileType = sourcecode.c.h; path = AboutViewController.h; sourceTree = "<group>"; };
		44D04CEF19B6E7CC00CD32FD /* AboutViewController.m */ = {isa = PBXFileReference; fileEncoding = 4; lastKnownFileType = sourcecode.c.objc; path = AboutViewController.m; sourceTree = "<group>"; };
		44D04CF019B6E7CC00CD32FD /* AboutViewController.xib */ = {isa = PBXFileReference; fileEncoding = 4; lastKnownFileType = file.xib; path = AboutViewController.xib; sourceTree = "<group>"; };
		44D04CF419B6E87700CD32FD /* SG-Emblem-Color-EN.jpg */ = {isa = PBXFileReference; lastKnownFileType = image.jpeg; path = "SG-Emblem-Color-EN.jpg"; sourceTree = "<group>"; };
		44D04CFE19B6EE9A00CD32FD /* iCarousel.h */ = {isa = PBXFileReference; fileEncoding = 4; lastKnownFileType = sourcecode.c.h; path = iCarousel.h; sourceTree = "<group>"; };
		44D04CFF19B6EE9A00CD32FD /* iCarousel.m */ = {isa = PBXFileReference; fileEncoding = 4; lastKnownFileType = sourcecode.c.objc; path = iCarousel.m; sourceTree = "<group>"; };
		44D04D3819B7156400CD32FD /* DetailBookViewController.h */ = {isa = PBXFileReference; fileEncoding = 4; lastKnownFileType = sourcecode.c.h; path = DetailBookViewController.h; sourceTree = "<group>"; };
		44D04D3919B7156400CD32FD /* DetailBookViewController.m */ = {isa = PBXFileReference; fileEncoding = 4; lastKnownFileType = sourcecode.c.objc; path = DetailBookViewController.m; sourceTree = "<group>"; };
		44D04D3A19B7156400CD32FD /* DetailBookViewController.xib */ = {isa = PBXFileReference; fileEncoding = 4; lastKnownFileType = file.xib; path = DetailBookViewController.xib; sourceTree = "<group>"; };
		44D69C2719B80D1C0089F639 /* InformationCell.h */ = {isa = PBXFileReference; fileEncoding = 4; lastKnownFileType = sourcecode.c.h; path = InformationCell.h; sourceTree = "<group>"; };
		44D69C2819B80D1C0089F639 /* InformationCell.m */ = {isa = PBXFileReference; fileEncoding = 4; lastKnownFileType = sourcecode.c.objc; path = InformationCell.m; sourceTree = "<group>"; };
		44D69C2919B80D1C0089F639 /* InformationCell.xib */ = {isa = PBXFileReference; fileEncoding = 4; lastKnownFileType = file.xib; path = InformationCell.xib; sourceTree = "<group>"; };
		44D69C3619B825770089F639 /* ReviewCell.h */ = {isa = PBXFileReference; fileEncoding = 4; lastKnownFileType = sourcecode.c.h; path = ReviewCell.h; sourceTree = "<group>"; };
		44D69C3719B825770089F639 /* ReviewCell.m */ = {isa = PBXFileReference; fileEncoding = 4; lastKnownFileType = sourcecode.c.objc; path = ReviewCell.m; sourceTree = "<group>"; };
		44D69C3819B825770089F639 /* ReviewCell.xib */ = {isa = PBXFileReference; fileEncoding = 4; lastKnownFileType = file.xib; path = ReviewCell.xib; sourceTree = "<group>"; };
		44D91EBF19B6D935001DD683 /* AccountTableViewController.h */ = {isa = PBXFileReference; fileEncoding = 4; lastKnownFileType = sourcecode.c.h; path = AccountTableViewController.h; sourceTree = "<group>"; };
		44D91EC019B6D935001DD683 /* AccountTableViewController.m */ = {isa = PBXFileReference; fileEncoding = 4; lastKnownFileType = sourcecode.c.objc; path = AccountTableViewController.m; sourceTree = "<group>"; };
		44D91EC119B6D935001DD683 /* AccountTableViewController.xib */ = {isa = PBXFileReference; fileEncoding = 4; lastKnownFileType = file.xib; path = AccountTableViewController.xib; sourceTree = "<group>"; };
		44D91EC919B6DB8D001DD683 /* ChangeEmailViewController.h */ = {isa = PBXFileReference; fileEncoding = 4; lastKnownFileType = sourcecode.c.h; path = ChangeEmailViewController.h; sourceTree = "<group>"; };
		44D91ECA19B6DB8D001DD683 /* ChangeEmailViewController.m */ = {isa = PBXFileReference; fileEncoding = 4; lastKnownFileType = sourcecode.c.objc; path = ChangeEmailViewController.m; sourceTree = "<group>"; };
		44D91ECB19B6DB8D001DD683 /* ChangeEmailViewController.xib */ = {isa = PBXFileReference; fileEncoding = 4; lastKnownFileType = file.xib; path = ChangeEmailViewController.xib; sourceTree = "<group>"; };
		44DDB1F019B7630A00408B2A /* book1.png */ = {isa = PBXFileReference; lastKnownFileType = image.png; path = book1.png; sourceTree = "<group>"; };
		44E8FFB319B4CC7A003F8FD5 /* CategoryBooks.h */ = {isa = PBXFileReference; fileEncoding = 4; lastKnownFileType = sourcecode.c.h; path = CategoryBooks.h; sourceTree = "<group>"; };
		44E8FFB419B4CC7A003F8FD5 /* CategoryBooks.m */ = {isa = PBXFileReference; fileEncoding = 4; lastKnownFileType = sourcecode.c.objc; path = CategoryBooks.m; sourceTree = "<group>"; };
/* End PBXFileReference section */

/* Begin PBXFrameworksBuildPhase section */
		444F20AD19B48A2C00BE4C26 /* Frameworks */ = {
			isa = PBXFrameworksBuildPhase;
			buildActionMask = 2147483647;
			files = (
				444F20FF19B4C17600BE4C26 /* SystemConfiguration.framework in Frameworks */,
				444F20FD19B4C16E00BE4C26 /* StoreKit.framework in Frameworks */,
				444F20FB19B4C16800BE4C26 /* Security.framework in Frameworks */,
				444F20F919B4C15E00BE4C26 /* QuartzCore.framework in Frameworks */,
				444F20F719B4C15700BE4C26 /* MobileCoreServices.framework in Frameworks */,
				444F20F519B4C15000BE4C26 /* libz.dylib in Frameworks */,
				444F20F319B4C14A00BE4C26 /* CoreLocation.framework in Frameworks */,
				444F20F119B4C14300BE4C26 /* CoreGraphics.framework in Frameworks */,
				444F20EF19B4C13D00BE4C26 /* CFNetwork.framework in Frameworks */,
				444F20ED19B4C13500BE4C26 /* AudioToolbox.framework in Frameworks */,
				444F20EB19B4C10500BE4C26 /* Parse.framework in Frameworks */,
			);
			runOnlyForDeploymentPostprocessing = 0;
		};
		444F20C619B48A2C00BE4C26 /* Frameworks */ = {
			isa = PBXFrameworksBuildPhase;
			buildActionMask = 2147483647;
			files = (
			);
			runOnlyForDeploymentPostprocessing = 0;
		};
/* End PBXFrameworksBuildPhase section */

/* Begin PBXGroup section */
		2D66F41C19B5F362001CA7E1 /* Controller */ = {
			isa = PBXGroup;
			children = (
				2D66F41E19B5F37A001CA7E1 /* LoginViewController.h */,
				2D66F41F19B5F37A001CA7E1 /* LoginViewController.m */,
				2D66F42019B5F37A001CA7E1 /* LoginViewController.xib */,
				44BC186919B8CECE00BAC2FC /* ShelfViewController.h */,
				44BC186A19B8CECE00BAC2FC /* ShelfViewController.m */,
				44BC186B19B8CECE00BAC2FC /* ShelfViewController.xib */,
				2D66F42519B5FA70001CA7E1 /* StoreViewController.h */,
				2D66F42619B5FA70001CA7E1 /* StoreViewController.m */,
				2D66F42719B5FA70001CA7E1 /* StoreViewController.xib */,
				44D04D3819B7156400CD32FD /* DetailBookViewController.h */,
				44D04D3919B7156400CD32FD /* DetailBookViewController.m */,
				44D04D3A19B7156400CD32FD /* DetailBookViewController.xib */,
				440D878319B62D5E0067EE28 /* Setting */,
			);
			path = Controller;
			sourceTree = "<group>";
		};
		440D878319B62D5E0067EE28 /* Setting */ = {
			isa = PBXGroup;
			children = (
				446D1BAE19B6D2530050D003 /* SettingTableViewController.h */,
				446D1BAF19B6D2530050D003 /* SettingTableViewController.m */,
				446D1BB019B6D2530050D003 /* SettingTableViewController.xib */,
				440D878419B62D710067EE28 /* Profile */,
				44D91EBE19B6D91B001DD683 /* Account */,
				44CE48BF19B6E31B00844AF6 /* Notification */,
				44CE48C519B6E47D00844AF6 /* Report */,
				44D04CED19B6E7AE00CD32FD /* About */,
			);
			name = Setting;
			sourceTree = "<group>";
		};
		440D878419B62D710067EE28 /* Profile */ = {
			isa = PBXGroup;
			children = (
				440D878E19B62DF80067EE28 /* ProfileViewController.h */,
				440D878F19B62DF80067EE28 /* ProfileViewController.m */,
				440D878719B62D8B0067EE28 /* ProfileViewController.xib */,
			);
			name = Profile;
			sourceTree = "<group>";
		};
		440D878A19B62DD00067EE28 /* API */ = {
			isa = PBXGroup;
			children = (
				44D04CFD19B6EE9A00CD32FD /* iCarousel */,
				440D878B19B62DE40067EE28 /* GBPathImageView.h */,
				440D878C19B62DE40067EE28 /* GBPathImageView.m */,
			);
			path = API;
			sourceTree = "<group>";
		};
		444F20A719B48A2B00BE4C26 = {
			isa = PBXGroup;
			children = (
				444F20B219B48A2C00BE4C26 /* eBook */,
				444F20E919B4C0E800BE4C26 /* Frameworks */,
				444F20CC19B48A2C00BE4C26 /* eBookTests */,
				444F20B119B48A2C00BE4C26 /* Products */,
			);
			sourceTree = "<group>";
		};
		444F20B119B48A2C00BE4C26 /* Products */ = {
			isa = PBXGroup;
			children = (
				444F20B019B48A2C00BE4C26 /* eBook.app */,
				444F20C919B48A2C00BE4C26 /* eBookTests.xctest */,
			);
			name = Products;
			sourceTree = "<group>";
		};
		444F20B219B48A2C00BE4C26 /* eBook */ = {
			isa = PBXGroup;
			children = (
				444F20B719B48A2C00BE4C26 /* AppDelegate.h */,
				444F20B819B48A2C00BE4C26 /* AppDelegate.m */,
				444F210319B4C23800BE4C26 /* Model */,
				44D04D0819B709AE00CD32FD /* View */,
				2D66F41C19B5F362001CA7E1 /* Controller */,
				44D04CF319B6E7F000CD32FD /* Image */,
				444F20C319B48A2C00BE4C26 /* Images.xcassets */,
				444F20B319B48A2C00BE4C26 /* Supporting Files */,
			);
			path = eBook;
			sourceTree = "<group>";
		};
		444F20B319B48A2C00BE4C26 /* Supporting Files */ = {
			isa = PBXGroup;
			children = (
				444F20B419B48A2C00BE4C26 /* Info.plist */,
				444F20B519B48A2C00BE4C26 /* main.m */,
			);
			name = "Supporting Files";
			sourceTree = "<group>";
		};
		444F20CC19B48A2C00BE4C26 /* eBookTests */ = {
			isa = PBXGroup;
			children = (
				444F20CF19B48A2C00BE4C26 /* eBookTests.m */,
				444F20CD19B48A2C00BE4C26 /* Supporting Files */,
			);
			path = eBookTests;
			sourceTree = "<group>";
		};
		444F20CD19B48A2C00BE4C26 /* Supporting Files */ = {
			isa = PBXGroup;
			children = (
				444F20CE19B48A2C00BE4C26 /* Info.plist */,
			);
			name = "Supporting Files";
			sourceTree = "<group>";
		};
		444F20E919B4C0E800BE4C26 /* Frameworks */ = {
			isa = PBXGroup;
			children = (
				444F20FE19B4C17600BE4C26 /* SystemConfiguration.framework */,
				444F20FC19B4C16E00BE4C26 /* StoreKit.framework */,
				444F20FA19B4C16800BE4C26 /* Security.framework */,
				444F20F819B4C15E00BE4C26 /* QuartzCore.framework */,
				444F20F619B4C15700BE4C26 /* MobileCoreServices.framework */,
				444F20F419B4C15000BE4C26 /* libz.dylib */,
				444F20F219B4C14A00BE4C26 /* CoreLocation.framework */,
				444F20F019B4C14300BE4C26 /* CoreGraphics.framework */,
				444F20EE19B4C13D00BE4C26 /* CFNetwork.framework */,
				444F20EC19B4C13500BE4C26 /* AudioToolbox.framework */,
				444F20EA19B4C10500BE4C26 /* Parse.framework */,
			);
			path = Frameworks;
			sourceTree = "<group>";
		};
		444F210319B4C23800BE4C26 /* Model */ = {
			isa = PBXGroup;
			children = (
				44BC186519B8C80100BAC2FC /* HexColor */,
				440D878A19B62DD00067EE28 /* API */,
				444F210519B4C24E00BE4C26 /* User.h */,
				444F210619B4C24E00BE4C26 /* User.m */,
				44E8FFB319B4CC7A003F8FD5 /* CategoryBooks.h */,
				44E8FFB419B4CC7A003F8FD5 /* CategoryBooks.m */,
				444F210819B4C81F00BE4C26 /* Books.h */,
				444F210919B4C81F00BE4C26 /* Books.m */,
				44CE48D019B6E6CA00844AF6 /* problem.h */,
				44CE48D119B6E6CA00844AF6 /* problem.m */,
				444F210B19B4C8DD00BE4C26 /* BooksManager.h */,
				444F210C19B4C8DD00BE4C26 /* BooksManager.m */,
			);
			path = Model;
			sourceTree = "<group>";
		};
		44B8913119B83AE100CE581A /* Stars */ = {
			isa = PBXGroup;
			children = (
				44B8913219B83B2300CE581A /* 1star.png */,
				44B8913319B83B2300CE581A /* 4star.png */,
				44B8913419B83B2300CE581A /* 5star.png */,
				44B8913519B83B2300CE581A /* 2star.png */,
				44B8913619B83B2300CE581A /* 3star.png */,
				44B8913719B83B2300CE581A /* emplyStar.png */,
				44B8913E19B83C4D00CE581A /* allRating.png */,
			);
			name = Stars;
			sourceTree = "<group>";
		};
		44BC186519B8C80100BAC2FC /* HexColor */ = {
			isa = PBXGroup;
			children = (
				44BC186619B8C80100BAC2FC /* UIColor+HexString.h */,
				44BC186719B8C80100BAC2FC /* UIColor+HexString.m */,
			);
			path = HexColor;
			sourceTree = "<group>";
		};
		44CE48BF19B6E31B00844AF6 /* Notification */ = {
			isa = PBXGroup;
			children = (
				44CE48C019B6E36100844AF6 /* NotificationTableViewController.h */,
				44CE48C119B6E36100844AF6 /* NotificationTableViewController.m */,
				44CE48C219B6E36100844AF6 /* NotificationTableViewController.xib */,
			);
			name = Notification;
			sourceTree = "<group>";
		};
		44CE48C519B6E47D00844AF6 /* Report */ = {
			isa = PBXGroup;
			children = (
				44CE48CB19B6E4AB00844AF6 /* ReportViewController.h */,
				44CE48CC19B6E4AB00844AF6 /* ReportViewController.m */,
				44CE48CD19B6E4AB00844AF6 /* ReportViewController.xib */,
			);
			name = Report;
			sourceTree = "<group>";
		};
		44D04CED19B6E7AE00CD32FD /* About */ = {
			isa = PBXGroup;
			children = (
				44D04CEE19B6E7CC00CD32FD /* AboutViewController.h */,
				44D04CEF19B6E7CC00CD32FD /* AboutViewController.m */,
				44D04CF019B6E7CC00CD32FD /* AboutViewController.xib */,
			);
			name = About;
			sourceTree = "<group>";
		};
		44D04CF319B6E7F000CD32FD /* Image */ = {
			isa = PBXGroup;
			children = (
				44B8913119B83AE100CE581A /* Stars */,
				44DDB1EF19B7629400408B2A /* Book */,
				44D04CF419B6E87700CD32FD /* SG-Emblem-Color-EN.jpg */,
			);
			path = Image;
			sourceTree = "<group>";
		};
		44D04CFD19B6EE9A00CD32FD /* iCarousel */ = {
			isa = PBXGroup;
			children = (
				44D04CFE19B6EE9A00CD32FD /* iCarousel.h */,
				44D04CFF19B6EE9A00CD32FD /* iCarousel.m */,
			);
			path = iCarousel;
			sourceTree = "<group>";
		};
		44D04D0819B709AE00CD32FD /* View */ = {
			isa = PBXGroup;
			children = (
				44D69C2619B80CEF0089F639 /* BookStore */,
				44D69C2519B80CE60089F639 /* DetailCell */,
			);
			name = View;
			path = Model/View;
			sourceTree = "<group>";
		};
		44D69C2519B80CE60089F639 /* DetailCell */ = {
			isa = PBXGroup;
			children = (
				44D69C2719B80D1C0089F639 /* InformationCell.h */,
				44D69C2819B80D1C0089F639 /* InformationCell.m */,
				44D69C2919B80D1C0089F639 /* InformationCell.xib */,
				44D69C3619B825770089F639 /* ReviewCell.h */,
				44D69C3719B825770089F639 /* ReviewCell.m */,
				44D69C3819B825770089F639 /* ReviewCell.xib */,
			);
			name = DetailCell;
			sourceTree = "<group>";
		};
		44D69C2619B80CEF0089F639 /* BookStore */ = {
			isa = PBXGroup;
			children = (
				44C2399719B752F0009DF6ED /* ORGArticleCollectionViewCell.h */,
				44C2399919B752F0009DF6ED /* ORGArticleCollectionViewCell.m */,
				44C2399819B752F0009DF6ED /* ORGArticleCollectionViewCell.xib */,
				44C2399A19B752F0009DF6ED /* ORGContainerCell.h */,
				44C2399B19B752F0009DF6ED /* ORGContainerCell.m */,
				44C2399C19B752F0009DF6ED /* ORGContainerCellView.h */,
				44C2399E19B752F0009DF6ED /* ORGContainerCellView.m */,
				44C2399D19B752F0009DF6ED /* ORGContainerCellView.xib */,
			);
			name = BookStore;
			sourceTree = "<group>";
		};
		44D91EBE19B6D91B001DD683 /* Account */ = {
			isa = PBXGroup;
			children = (
				44D91EBF19B6D935001DD683 /* AccountTableViewController.h */,
				44D91EC019B6D935001DD683 /* AccountTableViewController.m */,
				44D91EC119B6D935001DD683 /* AccountTableViewController.xib */,
				44D91EC919B6DB8D001DD683 /* ChangeEmailViewController.h */,
				44D91ECA19B6DB8D001DD683 /* ChangeEmailViewController.m */,
				44D91ECB19B6DB8D001DD683 /* ChangeEmailViewController.xib */,
				44CE48BA19B6E06100844AF6 /* ChangePasswordViewController.h */,
				44CE48BB19B6E06100844AF6 /* ChangePasswordViewController.m */,
				44CE48BC19B6E06100844AF6 /* ChangePasswordViewController.xib */,
			);
			name = Account;
			sourceTree = "<group>";
		};
		44DDB1EF19B7629400408B2A /* Book */ = {
			isa = PBXGroup;
			children = (
				44DDB1F019B7630A00408B2A /* book1.png */,
				448DDF0919B876A2002D2A63 /* page.png */,
			);
			name = Book;
			sourceTree = "<group>";
		};
/* End PBXGroup section */

/* Begin PBXNativeTarget section */
		444F20AF19B48A2C00BE4C26 /* eBook */ = {
			isa = PBXNativeTarget;
			buildConfigurationList = 444F20D319B48A2C00BE4C26 /* Build configuration list for PBXNativeTarget "eBook" */;
			buildPhases = (
				444F20AC19B48A2C00BE4C26 /* Sources */,
				444F20AD19B48A2C00BE4C26 /* Frameworks */,
				444F20AE19B48A2C00BE4C26 /* Resources */,
			);
			buildRules = (
			);
			dependencies = (
			);
			name = eBook;
			productName = eBook;
			productReference = 444F20B019B48A2C00BE4C26 /* eBook.app */;
			productType = "com.apple.product-type.application";
		};
		444F20C819B48A2C00BE4C26 /* eBookTests */ = {
			isa = PBXNativeTarget;
			buildConfigurationList = 444F20D619B48A2C00BE4C26 /* Build configuration list for PBXNativeTarget "eBookTests" */;
			buildPhases = (
				444F20C519B48A2C00BE4C26 /* Sources */,
				444F20C619B48A2C00BE4C26 /* Frameworks */,
				444F20C719B48A2C00BE4C26 /* Resources */,
			);
			buildRules = (
			);
			dependencies = (
				444F20CB19B48A2C00BE4C26 /* PBXTargetDependency */,
			);
			name = eBookTests;
			productName = eBookTests;
			productReference = 444F20C919B48A2C00BE4C26 /* eBookTests.xctest */;
			productType = "com.apple.product-type.bundle.unit-test";
		};
/* End PBXNativeTarget section */

/* Begin PBXProject section */
		444F20A819B48A2C00BE4C26 /* Project object */ = {
			isa = PBXProject;
			attributes = {
				LastUpgradeCheck = 0600;
				ORGANIZATIONNAME = Sittikorn;
				TargetAttributes = {
					444F20AF19B48A2C00BE4C26 = {
						CreatedOnToolsVersion = 6.0;
					};
					444F20C819B48A2C00BE4C26 = {
						CreatedOnToolsVersion = 6.0;
						TestTargetID = 444F20AF19B48A2C00BE4C26;
					};
				};
			};
			buildConfigurationList = 444F20AB19B48A2C00BE4C26 /* Build configuration list for PBXProject "eBook" */;
			compatibilityVersion = "Xcode 3.2";
			developmentRegion = English;
			hasScannedForEncodings = 0;
			knownRegions = (
				en,
				Base,
			);
			mainGroup = 444F20A719B48A2B00BE4C26;
			productRefGroup = 444F20B119B48A2C00BE4C26 /* Products */;
			projectDirPath = "";
			projectRoot = "";
			targets = (
				444F20AF19B48A2C00BE4C26 /* eBook */,
				444F20C819B48A2C00BE4C26 /* eBookTests */,
			);
		};
/* End PBXProject section */

/* Begin PBXResourcesBuildPhase section */
		444F20AE19B48A2C00BE4C26 /* Resources */ = {
			isa = PBXResourcesBuildPhase;
			buildActionMask = 2147483647;
			files = (
				44D69C2B19B80D1C0089F639 /* InformationCell.xib in Resources */,
				44CE48CF19B6E4AB00844AF6 /* ReportViewController.xib in Resources */,
				448DDF0A19B876A2002D2A63 /* page.png in Resources */,
				44D91ECD19B6DB8D001DD683 /* ChangeEmailViewController.xib in Resources */,
				44B8913A19B83B2300CE581A /* 5star.png in Resources */,
				2D66F42919B5FA70001CA7E1 /* StoreViewController.xib in Resources */,
				44CE48BE19B6E06100844AF6 /* ChangePasswordViewController.xib in Resources */,
				444F20C419B48A2C00BE4C26 /* Images.xcassets in Resources */,
				44DDB1F119B7630A00408B2A /* book1.png in Resources */,
				44B8913C19B83B2300CE581A /* 3star.png in Resources */,
				44B8913F19B83C4D00CE581A /* allRating.png in Resources */,
				446D1BB219B6D2530050D003 /* SettingTableViewController.xib in Resources */,
				44D04CF519B6E87700CD32FD /* SG-Emblem-Color-EN.jpg in Resources */,
				44D91EC319B6D935001DD683 /* AccountTableViewController.xib in Resources */,
				44B8913819B83B2300CE581A /* 1star.png in Resources */,
				44B8913B19B83B2300CE581A /* 2star.png in Resources */,
				2D66F42219B5F37A001CA7E1 /* LoginViewController.xib in Resources */,
				44D69C3A19B825770089F639 /* ReviewCell.xib in Resources */,
				44C2399F19B752F0009DF6ED /* ORGArticleCollectionViewCell.xib in Resources */,
				44CE48C419B6E36100844AF6 /* NotificationTableViewController.xib in Resources */,
				44D04CF219B6E7CC00CD32FD /* AboutViewController.xib in Resources */,
				44D04D3C19B7156400CD32FD /* DetailBookViewController.xib in Resources */,
				440D878919B62D8B0067EE28 /* ProfileViewController.xib in Resources */,
				44B8913D19B83B2300CE581A /* emplyStar.png in Resources */,
				44B8913919B83B2300CE581A /* 4star.png in Resources */,
				44BC186D19B8CECE00BAC2FC /* ShelfViewController.xib in Resources */,
				44C239A219B752F0009DF6ED /* ORGContainerCellView.xib in Resources */,
			);
			runOnlyForDeploymentPostprocessing = 0;
		};
		444F20C719B48A2C00BE4C26 /* Resources */ = {
			isa = PBXResourcesBuildPhase;
			buildActionMask = 2147483647;
			files = (
			);
			runOnlyForDeploymentPostprocessing = 0;
		};
/* End PBXResourcesBuildPhase section */

/* Begin PBXSourcesBuildPhase section */
		444F20AC19B48A2C00BE4C26 /* Sources */ = {
			isa = PBXSourcesBuildPhase;
			buildActionMask = 2147483647;
			files = (
				44D04CF119B6E7CC00CD32FD /* AboutViewController.m in Sources */,
				444F210A19B4C81F00BE4C26 /* Books.m in Sources */,
				44CE48D219B6E6CA00844AF6 /* problem.m in Sources */,
				444F20B919B48A2C00BE4C26 /* AppDelegate.m in Sources */,
				444F20B619B48A2C00BE4C26 /* main.m in Sources */,
				44D04D3B19B7156400CD32FD /* DetailBookViewController.m in Sources */,
				44D91EC219B6D935001DD683 /* AccountTableViewController.m in Sources */,
				44D91ECC19B6DB8D001DD683 /* ChangeEmailViewController.m in Sources */,
				44CE48BD19B6E06100844AF6 /* ChangePasswordViewController.m in Sources */,
				44C239A019B752F0009DF6ED /* ORGArticleCollectionViewCell.m in Sources */,
				44CE48C319B6E36100844AF6 /* NotificationTableViewController.m in Sources */,
				44C239A319B752F0009DF6ED /* ORGContainerCellView.m in Sources */,
				44BC186819B8C80100BAC2FC /* UIColor+HexString.m in Sources */,
				444F210D19B4C8DD00BE4C26 /* BooksManager.m in Sources */,
				2D66F42819B5FA70001CA7E1 /* StoreViewController.m in Sources */,
				44BC186C19B8CECE00BAC2FC /* ShelfViewController.m in Sources */,
				44D04D0019B6EE9A00CD32FD /* iCarousel.m in Sources */,
				44D69C3919B825770089F639 /* ReviewCell.m in Sources */,
				44C239A119B752F0009DF6ED /* ORGContainerCell.m in Sources */,
				446D1BB119B6D2530050D003 /* SettingTableViewController.m in Sources */,
				2D66F42119B5F37A001CA7E1 /* LoginViewController.m in Sources */,
				44D69C2A19B80D1C0089F639 /* InformationCell.m in Sources */,
				44E8FFB519B4CC7A003F8FD5 /* CategoryBooks.m in Sources */,
				44CE48CE19B6E4AB00844AF6 /* ReportViewController.m in Sources */,
				440D879019B62DF80067EE28 /* ProfileViewController.m in Sources */,
				444F210719B4C24E00BE4C26 /* User.m in Sources */,
				440D878D19B62DE40067EE28 /* GBPathImageView.m in Sources */,
			);
			runOnlyForDeploymentPostprocessing = 0;
		};
		444F20C519B48A2C00BE4C26 /* Sources */ = {
			isa = PBXSourcesBuildPhase;
			buildActionMask = 2147483647;
			files = (
				444F20D019B48A2C00BE4C26 /* eBookTests.m in Sources */,
			);
			runOnlyForDeploymentPostprocessing = 0;
		};
/* End PBXSourcesBuildPhase section */

/* Begin PBXTargetDependency section */
		444F20CB19B48A2C00BE4C26 /* PBXTargetDependency */ = {
			isa = PBXTargetDependency;
			target = 444F20AF19B48A2C00BE4C26 /* eBook */;
			targetProxy = 444F20CA19B48A2C00BE4C26 /* PBXContainerItemProxy */;
		};
/* End PBXTargetDependency section */

/* Begin XCBuildConfiguration section */
		444F20D119B48A2C00BE4C26 /* Debug */ = {
			isa = XCBuildConfiguration;
			buildSettings = {
				ALWAYS_SEARCH_USER_PATHS = NO;
				CLANG_CXX_LANGUAGE_STANDARD = "gnu++0x";
				CLANG_CXX_LIBRARY = "libc++";
				CLANG_ENABLE_MODULES = YES;
				CLANG_ENABLE_OBJC_ARC = YES;
				CLANG_WARN_BOOL_CONVERSION = YES;
				CLANG_WARN_CONSTANT_CONVERSION = YES;
				CLANG_WARN_DIRECT_OBJC_ISA_USAGE = YES_ERROR;
				CLANG_WARN_EMPTY_BODY = YES;
				CLANG_WARN_ENUM_CONVERSION = YES;
				CLANG_WARN_INT_CONVERSION = YES;
				CLANG_WARN_OBJC_ROOT_CLASS = YES_ERROR;
				CLANG_WARN_UNREACHABLE_CODE = YES;
				CLANG_WARN__DUPLICATE_METHOD_MATCH = YES;
				"CODE_SIGN_IDENTITY[sdk=iphoneos*]" = "iPhone Developer";
				COPY_PHASE_STRIP = NO;
				ENABLE_STRICT_OBJC_MSGSEND = YES;
				GCC_C_LANGUAGE_STANDARD = gnu99;
				GCC_DYNAMIC_NO_PIC = NO;
				GCC_OPTIMIZATION_LEVEL = 0;
				GCC_PREPROCESSOR_DEFINITIONS = (
					"DEBUG=1",
					"$(inherited)",
				);
				GCC_SYMBOLS_PRIVATE_EXTERN = NO;
				GCC_WARN_64_TO_32_BIT_CONVERSION = YES;
				GCC_WARN_ABOUT_RETURN_TYPE = YES_ERROR;
				GCC_WARN_UNDECLARED_SELECTOR = YES;
				GCC_WARN_UNINITIALIZED_AUTOS = YES_AGGRESSIVE;
				GCC_WARN_UNUSED_FUNCTION = YES;
				GCC_WARN_UNUSED_VARIABLE = YES;
				IPHONEOS_DEPLOYMENT_TARGET = 8.0;
				MTL_ENABLE_DEBUG_INFO = YES;
				ONLY_ACTIVE_ARCH = YES;
				SDKROOT = iphoneos;
			};
			name = Debug;
		};
		444F20D219B48A2C00BE4C26 /* Release */ = {
			isa = XCBuildConfiguration;
			buildSettings = {
				ALWAYS_SEARCH_USER_PATHS = NO;
				CLANG_CXX_LANGUAGE_STANDARD = "gnu++0x";
				CLANG_CXX_LIBRARY = "libc++";
				CLANG_ENABLE_MODULES = YES;
				CLANG_ENABLE_OBJC_ARC = YES;
				CLANG_WARN_BOOL_CONVERSION = YES;
				CLANG_WARN_CONSTANT_CONVERSION = YES;
				CLANG_WARN_DIRECT_OBJC_ISA_USAGE = YES_ERROR;
				CLANG_WARN_EMPTY_BODY = YES;
				CLANG_WARN_ENUM_CONVERSION = YES;
				CLANG_WARN_INT_CONVERSION = YES;
				CLANG_WARN_OBJC_ROOT_CLASS = YES_ERROR;
				CLANG_WARN_UNREACHABLE_CODE = YES;
				CLANG_WARN__DUPLICATE_METHOD_MATCH = YES;
				"CODE_SIGN_IDENTITY[sdk=iphoneos*]" = "iPhone Developer";
				COPY_PHASE_STRIP = YES;
				ENABLE_NS_ASSERTIONS = NO;
				ENABLE_STRICT_OBJC_MSGSEND = YES;
				GCC_C_LANGUAGE_STANDARD = gnu99;
				GCC_WARN_64_TO_32_BIT_CONVERSION = YES;
				GCC_WARN_ABOUT_RETURN_TYPE = YES_ERROR;
				GCC_WARN_UNDECLARED_SELECTOR = YES;
				GCC_WARN_UNINITIALIZED_AUTOS = YES_AGGRESSIVE;
				GCC_WARN_UNUSED_FUNCTION = YES;
				GCC_WARN_UNUSED_VARIABLE = YES;
				IPHONEOS_DEPLOYMENT_TARGET = 8.0;
				MTL_ENABLE_DEBUG_INFO = NO;
				SDKROOT = iphoneos;
				VALIDATE_PRODUCT = YES;
			};
			name = Release;
		};
		444F20D419B48A2C00BE4C26 /* Debug */ = {
			isa = XCBuildConfiguration;
			buildSettings = {
				ASSETCATALOG_COMPILER_APPICON_NAME = AppIcon;
				ASSETCATALOG_COMPILER_LAUNCHIMAGE_NAME = LaunchImage;
				CLANG_ENABLE_MODULES = YES;
				FRAMEWORK_SEARCH_PATHS = (
					"$(inherited)",
					"$(PROJECT_DIR)/Frameworks",
				);
				INFOPLIST_FILE = eBook/Info.plist;
				IPHONEOS_DEPLOYMENT_TARGET = 7.1;
				LD_RUNPATH_SEARCH_PATHS = "$(inherited) @executable_path/Frameworks";
				PRODUCT_NAME = "$(TARGET_NAME)";
				SWIFT_OPTIMIZATION_LEVEL = "-Onone";
				TARGETED_DEVICE_FAMILY = 2;
			};
			name = Debug;
		};
		444F20D519B48A2C00BE4C26 /* Release */ = {
			isa = XCBuildConfiguration;
			buildSettings = {
				ASSETCATALOG_COMPILER_APPICON_NAME = AppIcon;
				ASSETCATALOG_COMPILER_LAUNCHIMAGE_NAME = LaunchImage;
				CLANG_ENABLE_MODULES = YES;
				FRAMEWORK_SEARCH_PATHS = (
					"$(inherited)",
					"$(PROJECT_DIR)/Frameworks",
				);
				INFOPLIST_FILE = eBook/Info.plist;
				IPHONEOS_DEPLOYMENT_TARGET = 7.1;
				LD_RUNPATH_SEARCH_PATHS = "$(inherited) @executable_path/Frameworks";
				PRODUCT_NAME = "$(TARGET_NAME)";
				TARGETED_DEVICE_FAMILY = 2;
			};
			name = Release;
		};
		444F20D719B48A2C00BE4C26 /* Debug */ = {
			isa = XCBuildConfiguration;
			buildSettings = {
				BUNDLE_LOADER = "$(TEST_HOST)";
				FRAMEWORK_SEARCH_PATHS = (
					"$(SDKROOT)/Developer/Library/Frameworks",
					"$(inherited)",
				);
				GCC_PREPROCESSOR_DEFINITIONS = (
					"DEBUG=1",
					"$(inherited)",
				);
				INFOPLIST_FILE = eBookTests/Info.plist;
				IPHONEOS_DEPLOYMENT_TARGET = 8.0;
				LD_RUNPATH_SEARCH_PATHS = "$(inherited) @executable_path/Frameworks @loader_path/Frameworks";
				PRODUCT_NAME = "$(TARGET_NAME)";
				TEST_HOST = "$(BUILT_PRODUCTS_DIR)/eBook.app/eBook";
			};
			name = Debug;
		};
		444F20D819B48A2C00BE4C26 /* Release */ = {
			isa = XCBuildConfiguration;
			buildSettings = {
				BUNDLE_LOADER = "$(TEST_HOST)";
				FRAMEWORK_SEARCH_PATHS = (
					"$(SDKROOT)/Developer/Library/Frameworks",
					"$(inherited)",
				);
				INFOPLIST_FILE = eBookTests/Info.plist;
				IPHONEOS_DEPLOYMENT_TARGET = 8.0;
				LD_RUNPATH_SEARCH_PATHS = "$(inherited) @executable_path/Frameworks @loader_path/Frameworks";
				PRODUCT_NAME = "$(TARGET_NAME)";
				TEST_HOST = "$(BUILT_PRODUCTS_DIR)/eBook.app/eBook";
			};
			name = Release;
		};
/* End XCBuildConfiguration section */

/* Begin XCConfigurationList section */
		444F20AB19B48A2C00BE4C26 /* Build configuration list for PBXProject "eBook" */ = {
			isa = XCConfigurationList;
			buildConfigurations = (
				444F20D119B48A2C00BE4C26 /* Debug */,
				444F20D219B48A2C00BE4C26 /* Release */,
			);
			defaultConfigurationIsVisible = 0;
			defaultConfigurationName = Release;
		};
		444F20D319B48A2C00BE4C26 /* Build configuration list for PBXNativeTarget "eBook" */ = {
			isa = XCConfigurationList;
			buildConfigurations = (
				444F20D419B48A2C00BE4C26 /* Debug */,
				444F20D519B48A2C00BE4C26 /* Release */,
			);
			defaultConfigurationIsVisible = 0;
			defaultConfigurationName = Release;
		};
		444F20D619B48A2C00BE4C26 /* Build configuration list for PBXNativeTarget "eBookTests" */ = {
			isa = XCConfigurationList;
			buildConfigurations = (
				444F20D719B48A2C00BE4C26 /* Debug */,
				444F20D819B48A2C00BE4C26 /* Release */,
			);
			defaultConfigurationIsVisible = 0;
			defaultConfigurationName = Release;
		};
/* End XCConfigurationList section */
	};
	rootObject = 444F20A819B48A2C00BE4C26 /* Project object */;
}
